
Microsoft Visual Studio Solution File, Format Version 12.00
# Visual Studio 15
VisualStudioVersion = 15.0.26403.7
MinimumVisualStudioVersion = 10.0.40219.1
Project("{FAE04EC0-301F-11D3-BF4B-00C04F79EFBC}") = "VNNLanguage", "VNNLanguage\VNNLanguage.csproj", "{97DC807A-8C71-4860-97EB-CDF5ABC9493B}"
EndProject
Project("{2150E333-8FDC-42A3-9474-1A3956D46DE8}") = "Tests", "Tests", "{477BD317-25E1-4693-8E67-EF3293C387B3}"
EndProject
Project("{FAE04EC0-301F-11D3-BF4B-00C04F79EFBC}") = "VNNLangaugeTests", "VNNLangaugeTests\VNNLangaugeTests.csproj", "{3F64C6FA-060A-4D8E-B3CC-887EFC157D89}"
EndProject
Project("{FAE04EC0-301F-11D3-BF4B-00C04F79EFBC}") = "VNNMedia", "VNNMedia\VNNMedia.csproj", "{3F4F76BC-8F74-4C13-BACD-068605075A20}"
EndProject
Global
	GlobalSection(SolutionConfigurationPlatforms) = preSolution
		Debug|Any CPU = Debug|Any CPU
		Release|Any CPU = Release|Any CPU
	EndGlobalSection
	GlobalSection(ProjectConfigurationPlatforms) = postSolution
		{97DC807A-8C71-4860-97EB-CDF5ABC9493B}.Debug|Any CPU.ActiveCfg = Debug|Any CPU
		{97DC807A-8C71-4860-97EB-CDF5ABC9493B}.Debug|Any CPU.Build.0 = Debug|Any CPU
		{97DC807A-8C71-4860-97EB-CDF5ABC9493B}.Release|Any CPU.ActiveCfg = Release|Any CPU
		{97DC807A-8C71-4860-97EB-CDF5ABC9493B}.Release|Any CPU.Build.0 = Release|Any CPU
		{3F64C6FA-060A-4D8E-B3CC-887EFC157D89}.Debug|Any CPU.ActiveCfg = Debug|Any CPU
		{3F64C6FA-060A-4D8E-B3CC-887EFC157D89}.Debug|Any CPU.Build.0 = Debug|Any CPU
		{3F64C6FA-060A-4D8E-B3CC-887EFC157D89}.Release|Any CPU.ActiveCfg = Release|Any CPU
		{3F64C6FA-060A-4D8E-B3CC-887EFC157D89}.Release|Any CPU.Build.0 = Release|Any CPU
		{3F4F76BC-8F74-4C13-BACD-068605075A20}.Debug|Any CPU.ActiveCfg = Debug|Any CPU
		{3F4F76BC-8F74-4C13-BACD-068605075A20}.Debug|Any CPU.Build.0 = Debug|Any CPU
		{3F4F76BC-8F74-4C13-BACD-068605075A20}.Release|Any CPU.ActiveCfg = Release|Any CPU
		{3F4F76BC-8F74-4C13-BACD-068605075A20}.Release|Any CPU.Build.0 = Release|Any CPU
	EndGlobalSection
	GlobalSection(SolutionProperties) = preSolution
		HideSolutionNode = FALSE
	EndGlobalSection
	GlobalSection(NestedProjects) = preSolution
		{3F64C6FA-060A-4D8E-B3CC-887EFC157D89} = {477BD317-25E1-4693-8E67-EF3293C387B3}
	EndGlobalSection
EndGlobal
