
Microsoft Visual Studio Solution File, Format Version 12.00
# Visual Studio Version 18
VisualStudioVersion = 18.3.11520.95 d18.3
MinimumVisualStudioVersion = 10.0.40219.1
Project("{2150E333-8FDC-42A3-9474-1A3956D46DE8}") = "Utils", "Utils", "{8585CF1F-3A70-450A-AD2D-1A84959C8D81}"
EndProject
Project("{9A19103F-16F7-4668-BE54-9A1E7A4F7556}") = "MetadataGenerator", "MetadataGenerator\MetadataGenerator.csproj", "{04538CCB-71EA-4E7E-8971-A8DBDFD8ACF0}"
EndProject
Project("{9A19103F-16F7-4668-BE54-9A1E7A4F7556}") = "SMLanguage", "SMLanguage\SMLanguage.csproj", "{65D163BF-7427-4192-B721-59641B5D650E}"
EndProject
Global
	GlobalSection(SolutionConfigurationPlatforms) = preSolution
		Debug|Any CPU = Debug|Any CPU
		Release|Any CPU = Release|Any CPU
	EndGlobalSection
	GlobalSection(ProjectConfigurationPlatforms) = postSolution
		{04538CCB-71EA-4E7E-8971-A8DBDFD8ACF0}.Debug|Any CPU.ActiveCfg = Debug|Any CPU
		{04538CCB-71EA-4E7E-8971-A8DBDFD8ACF0}.Debug|Any CPU.Build.0 = Debug|Any CPU
		{04538CCB-71EA-4E7E-8971-A8DBDFD8ACF0}.Release|Any CPU.ActiveCfg = Release|Any CPU
		{04538CCB-71EA-4E7E-8971-A8DBDFD8ACF0}.Release|Any CPU.Build.0 = Release|Any CPU
		{65D163BF-7427-4192-B721-59641B5D650E}.Debug|Any CPU.ActiveCfg = Debug|Any CPU
		{65D163BF-7427-4192-B721-59641B5D650E}.Debug|Any CPU.Build.0 = Debug|Any CPU
		{65D163BF-7427-4192-B721-59641B5D650E}.Release|Any CPU.ActiveCfg = Release|Any CPU
		{65D163BF-7427-4192-B721-59641B5D650E}.Release|Any CPU.Build.0 = Release|Any CPU
	EndGlobalSection
	GlobalSection(SolutionProperties) = preSolution
		HideSolutionNode = FALSE
	EndGlobalSection
	GlobalSection(NestedProjects) = preSolution
		{04538CCB-71EA-4E7E-8971-A8DBDFD8ACF0} = {8585CF1F-3A70-450A-AD2D-1A84959C8D81}
	EndGlobalSection
	GlobalSection(ExtensibilityGlobals) = postSolution
		SolutionGuid = {C0A28365-308C-4EC4-ADF3-72C673C2FAA5}
	EndGlobalSection
EndGlobal
